{
  "version": 4,
  "terraform_version": "0.14.9",
  "serial": 304,
  "lineage": "e628cd64-a4b2-b0de-2b8f-851e9b16f981",
  "outputs": {},
  "resources": [
    {
      "mode": "data",
      "type": "azurerm_disk_encryption_set",
      "name": "diskencryptionset",
      "provider": "provider[\"registry.terraform.io/hashicorp/azurerm\"]",
      "instances": [
        {
          "schema_version": 0,
          "attributes": {
            "id": "/subscriptions/9ba3bb49-d69e-4f57-a11f-bf0a022fbd21/resourceGroups/practice_rg/providers/Microsoft.Compute/diskEncryptionSets/de_manageddisk",
            "location": "eastus",
            "name": "de_manageddisk",
            "resource_group_name": "practice_rg",
            "tags": {},
            "timeouts": null
          },
          "sensitive_attributes": []
        }
      ]
    },
    {
      "mode": "managed",
      "type": "azurerm_managed_disk",
      "name": "disk2",
      "provider": "provider[\"registry.terraform.io/hashicorp/azurerm\"]",
      "instances": [
        {
          "index_key": 0,
          "schema_version": 0,
          "attributes": {
            "create_option": "Empty",
            "disk_access_id": "",
            "disk_encryption_set_id": "/subscriptions/9ba3bb49-d69e-4f57-a11f-bf0a022fbd21/resourceGroups/PRACTICE_RG/providers/Microsoft.Compute/diskEncryptionSets/de_manageddisk",
            "disk_iops_read_write": 500,
            "disk_mbps_read_write": 60,
            "disk_size_gb": 10,
            "encryption_settings": [],
            "id": "/subscriptions/9ba3bb49-d69e-4f57-a11f-bf0a022fbd21/resourceGroups/rg01/providers/Microsoft.Compute/disks/ses-diskname",
            "image_reference_id": "",
            "location": "eastus",
            "name": "ses-diskname",
            "network_access_policy": null,
            "os_type": "",
            "resource_group_name": "rg01",
            "source_resource_id": "",
            "source_uri": "",
            "storage_account_id": "",
            "storage_account_type": "Standard_LRS",
            "tags": {},
            "tier": "",
            "timeouts": null,
            "zones": []
          },
          "sensitive_attributes": [],
          "private": "eyJlMmJmYjczMC1lY2FhLTExZTYtOGY4OC0zNDM2M2JjN2M0YzAiOnsiY3JlYXRlIjoxODAwMDAwMDAwMDAwLCJkZWxldGUiOjE4MDAwMDAwMDAwMDAsInJlYWQiOjMwMDAwMDAwMDAwMCwidXBkYXRlIjoxODAwMDAwMDAwMDAwfX0=",
          "dependencies": [
            "azurerm_windows_virtual_machine.winndowsvm",
            "data.azurerm_disk_encryption_set.diskencryptionset",
            "module.nic_creation.azurerm_network_interface.networkinterface",
            "module.nic_creation.azurerm_public_ip.publicip",
            "module.rg_create.azurerm_resource_group.practice_rg",
            "module.vnet_subnet_nsg.azurerm_network_security_group.nsg01",
            "module.vnet_subnet_nsg.azurerm_subnet.subnet01",
            "module.vnet_subnet_nsg.azurerm_subnet_network_security_group_association.nsg_associate",
            "module.vnet_subnet_nsg.azurerm_virtual_network.vnet01"
          ]
        }
      ]
    },
    {
      "mode": "managed",
      "type": "azurerm_storage_account",
      "name": "storageaccount",
      "provider": "provider[\"registry.terraform.io/hashicorp/azurerm\"]",
      "instances": [
        {
          "schema_version": 2,
          "attributes": {
            "access_tier": "Hot",
            "account_kind": "StorageV2",
            "account_replication_type": "LRS",
            "account_tier": "Standard",
            "allow_blob_public_access": false,
            "azure_files_authentication": [],
            "blob_properties": [
              {
                "change_feed_enabled": false,
                "container_delete_retention_policy": [],
                "cors_rule": [],
                "default_service_version": "",
                "delete_retention_policy": [],
                "last_access_time_enabled": false,
                "versioning_enabled": false
              }
            ],
            "custom_domain": [],
            "enable_https_traffic_only": true,
            "id": "/subscriptions/9ba3bb49-d69e-4f57-a11f-bf0a022fbd21/resourceGroups/rg01/providers/Microsoft.Storage/storageAccounts/storagescripts441",
            "identity": [],
            "is_hns_enabled": false,
            "large_file_share_enabled": null,
            "location": "eastus",
            "min_tls_version": "TLS1_0",
            "name": "storagescripts441",
            "network_rules": [
              {
                "bypass": [
                  "AzureServices"
                ],
                "default_action": "Allow",
                "ip_rules": [],
                "private_link_access": [],
                "virtual_network_subnet_ids": []
              }
            ],
            "nfsv3_enabled": false,
            "primary_access_key": "4yINqegqa2PvbjO0ZWexl8Y3NqCL7w6ED9342a0Y5SSsWXX0dpGPaNQ6W/0LahOrqZ19dMYOs7MQrcUAqRI9LA==",
            "primary_blob_connection_string": "DefaultEndpointsProtocol=https;BlobEndpoint=https://storagescripts441.blob.core.windows.net/;AccountName=storagescripts441;AccountKey=4yINqegqa2PvbjO0ZWexl8Y3NqCL7w6ED9342a0Y5SSsWXX0dpGPaNQ6W/0LahOrqZ19dMYOs7MQrcUAqRI9LA==",
            "primary_blob_endpoint": "https://storagescripts441.blob.core.windows.net/",
            "primary_blob_host": "storagescripts441.blob.core.windows.net",
            "primary_connection_string": "DefaultEndpointsProtocol=https;AccountName=storagescripts441;AccountKey=4yINqegqa2PvbjO0ZWexl8Y3NqCL7w6ED9342a0Y5SSsWXX0dpGPaNQ6W/0LahOrqZ19dMYOs7MQrcUAqRI9LA==;EndpointSuffix=core.windows.net",
            "primary_dfs_endpoint": "https://storagescripts441.dfs.core.windows.net/",
            "primary_dfs_host": "storagescripts441.dfs.core.windows.net",
            "primary_file_endpoint": "https://storagescripts441.file.core.windows.net/",
            "primary_file_host": "storagescripts441.file.core.windows.net",
            "primary_location": "eastus",
            "primary_queue_endpoint": "https://storagescripts441.queue.core.windows.net/",
            "primary_queue_host": "storagescripts441.queue.core.windows.net",
            "primary_table_endpoint": "https://storagescripts441.table.core.windows.net/",
            "primary_table_host": "storagescripts441.table.core.windows.net",
            "primary_web_endpoint": "https://storagescripts441.z13.web.core.windows.net/",
            "primary_web_host": "storagescripts441.z13.web.core.windows.net",
            "queue_properties": [
              {
                "cors_rule": [],
                "hour_metrics": [
                  {
                    "enabled": true,
                    "include_apis": true,
                    "retention_policy_days": 7,
                    "version": "1.0"
                  }
                ],
                "logging": [
                  {
                    "delete": false,
                    "read": false,
                    "retention_policy_days": 0,
                    "version": "1.0",
                    "write": false
                  }
                ],
                "minute_metrics": [
                  {
                    "enabled": false,
                    "include_apis": false,
                    "retention_policy_days": 0,
                    "version": "1.0"
                  }
                ]
              }
            ],
            "resource_group_name": "rg01",
            "routing": [],
            "secondary_access_key": "0b2B2yLD1VwBCTeQ5XnYtHJ+WWxC7FqYjUJ6iS5LfekBYMxHNPHKD2nd7CSNCAjS2zX7pflLvURzRsBPqGI7yQ==",
            "secondary_blob_connection_string": "",
            "secondary_blob_endpoint": null,
            "secondary_blob_host": null,
            "secondary_connection_string": "DefaultEndpointsProtocol=https;AccountName=storagescripts441;AccountKey=0b2B2yLD1VwBCTeQ5XnYtHJ+WWxC7FqYjUJ6iS5LfekBYMxHNPHKD2nd7CSNCAjS2zX7pflLvURzRsBPqGI7yQ==;EndpointSuffix=core.windows.net",
            "secondary_dfs_endpoint": null,
            "secondary_dfs_host": null,
            "secondary_file_endpoint": null,
            "secondary_file_host": null,
            "secondary_location": "",
            "secondary_queue_endpoint": null,
            "secondary_queue_host": null,
            "secondary_table_endpoint": null,
            "secondary_table_host": null,
            "secondary_web_endpoint": null,
            "secondary_web_host": null,
            "share_properties": [
              {
                "cors_rule": [],
                "retention_policy": [
                  {
                    "days": 7
                  }
                ],
                "smb": []
              }
            ],
            "static_website": [],
            "tags": {},
            "timeouts": null
          },
          "sensitive_attributes": [],
          "private": "eyJlMmJmYjczMC1lY2FhLTExZTYtOGY4OC0zNDM2M2JjN2M0YzAiOnsiY3JlYXRlIjozNjAwMDAwMDAwMDAwLCJkZWxldGUiOjM2MDAwMDAwMDAwMDAsInJlYWQiOjMwMDAwMDAwMDAwMCwidXBkYXRlIjozNjAwMDAwMDAwMDAwfSwic2NoZW1hX3ZlcnNpb24iOiIyIn0=",
          "dependencies": [
            "module.rg_create.azurerm_resource_group.practice_rg"
          ]
        }
      ]
    },
    {
      "mode": "managed",
      "type": "azurerm_storage_blob",
      "name": "scriptsblob",
      "provider": "provider[\"registry.terraform.io/hashicorp/azurerm\"]",
      "instances": [
        {
          "schema_version": 1,
          "attributes": {
            "access_tier": "Hot",
            "content_md5": "",
            "content_type": "application/octet-stream",
            "id": "https://storagescripts441.blob.core.windows.net/scripts-container/windows_post_deploy_v5.ps1",
            "metadata": {},
            "name": "windows_post_deploy_v5.ps1",
            "parallelism": 8,
            "size": 0,
            "source": "../scripts/windows_post_deploy.ps1",
            "source_content": null,
            "source_uri": null,
            "storage_account_name": "storagescripts441",
            "storage_container_name": "scripts-container",
            "timeouts": null,
            "type": "Block",
            "url": "https://storagescripts441.blob.core.windows.net/scripts-container/windows_post_deploy_v5.ps1"
          },
          "sensitive_attributes": [],
          "private": "eyJlMmJmYjczMC1lY2FhLTExZTYtOGY4OC0zNDM2M2JjN2M0YzAiOnsiY3JlYXRlIjoxODAwMDAwMDAwMDAwLCJkZWxldGUiOjE4MDAwMDAwMDAwMDAsInJlYWQiOjMwMDAwMDAwMDAwMCwidXBkYXRlIjoxODAwMDAwMDAwMDAwfSwic2NoZW1hX3ZlcnNpb24iOiIxIn0=",
          "dependencies": [
            "azurerm_storage_account.storageaccount",
            "azurerm_storage_container.storagecontainer"
          ]
        }
      ]
    },
    {
      "mode": "managed",
      "type": "azurerm_storage_container",
      "name": "storagecontainer",
      "provider": "provider[\"registry.terraform.io/hashicorp/azurerm\"]",
      "instances": [
        {
          "schema_version": 1,
          "attributes": {
            "container_access_type": "private",
            "has_immutability_policy": false,
            "has_legal_hold": false,
            "id": "https://storagescripts441.blob.core.windows.net/scripts-container",
            "metadata": {},
            "name": "scripts-container",
            "resource_manager_id": "/subscriptions/9ba3bb49-d69e-4f57-a11f-bf0a022fbd21/resourceGroups/rg01/providers/Microsoft.Storage/storageAccounts/storagescripts441/blobServices/default/containers/scripts-container",
            "storage_account_name": "storagescripts441",
            "timeouts": null
          },
          "sensitive_attributes": [],
          "private": "eyJlMmJmYjczMC1lY2FhLTExZTYtOGY4OC0zNDM2M2JjN2M0YzAiOnsiY3JlYXRlIjoxODAwMDAwMDAwMDAwLCJkZWxldGUiOjE4MDAwMDAwMDAwMDAsInJlYWQiOjMwMDAwMDAwMDAwMCwidXBkYXRlIjoxODAwMDAwMDAwMDAwfSwic2NoZW1hX3ZlcnNpb24iOiIxIn0=",
          "dependencies": [
            "azurerm_storage_account.storageaccount",
            "module.rg_create.azurerm_resource_group.practice_rg"
          ]
        }
      ]
    },
    {
      "mode": "managed",
      "type": "azurerm_virtual_machine_data_disk_attachment",
      "name": "diskattach",
      "provider": "provider[\"registry.terraform.io/hashicorp/azurerm\"]",
      "instances": [
        {
          "index_key": 0,
          "schema_version": 0,
          "attributes": {
            "caching": "ReadWrite",
            "create_option": "Attach",
            "id": "/subscriptions/9ba3bb49-d69e-4f57-a11f-bf0a022fbd21/resourceGroups/rg01/providers/Microsoft.Compute/virtualMachines/windowsvm121/dataDisks/ses-diskname",
            "lun": 0,
            "managed_disk_id": "/subscriptions/9ba3bb49-d69e-4f57-a11f-bf0a022fbd21/resourceGroups/rg01/providers/Microsoft.Compute/disks/ses-diskname",
            "timeouts": null,
            "virtual_machine_id": "/subscriptions/9ba3bb49-d69e-4f57-a11f-bf0a022fbd21/resourceGroups/rg01/providers/Microsoft.Compute/virtualMachines/windowsvm121",
            "write_accelerator_enabled": false
          },
          "sensitive_attributes": [],
          "private": "eyJlMmJmYjczMC1lY2FhLTExZTYtOGY4OC0zNDM2M2JjN2M0YzAiOnsiY3JlYXRlIjoxODAwMDAwMDAwMDAwLCJkZWxldGUiOjE4MDAwMDAwMDAwMDAsInJlYWQiOjMwMDAwMDAwMDAwMCwidXBkYXRlIjoxODAwMDAwMDAwMDAwfX0=",
          "dependencies": [
            "azurerm_managed_disk.disk2",
            "azurerm_windows_virtual_machine.winndowsvm",
            "data.azurerm_disk_encryption_set.diskencryptionset",
            "module.nic_creation.azurerm_network_interface.networkinterface",
            "module.nic_creation.azurerm_public_ip.publicip",
            "module.rg_create.azurerm_resource_group.practice_rg",
            "module.vnet_subnet_nsg.azurerm_network_security_group.nsg01",
            "module.vnet_subnet_nsg.azurerm_subnet.subnet01",
            "module.vnet_subnet_nsg.azurerm_subnet_network_security_group_association.nsg_associate",
            "module.vnet_subnet_nsg.azurerm_virtual_network.vnet01"
          ]
        }
      ]
    },
    {
      "mode": "managed",
      "type": "azurerm_virtual_machine_extension",
      "name": "custom_script_extension",
      "provider": "provider[\"registry.terraform.io/hashicorp/azurerm\"]",
      "instances": [
        {
          "schema_version": 0,
          "attributes": {
            "auto_upgrade_minor_version": false,
            "id": "/subscriptions/9ba3bb49-d69e-4f57-a11f-bf0a022fbd21/resourceGroups/rg01/providers/Microsoft.Compute/virtualMachines/windowsvm121/extensions/custom_script_post_deploy",
            "name": "custom_script_post_deploy",
            "protected_settings": "    {\n      \"commandToExecute\": \"powershell -ExecutionPolicy Unrestricted -File windows_post_deploy_v5.ps1\",\n      \"storageAccountName\": \"storagescripts441\",\n      \"storageAccountKey\": \"4yINqegqa2PvbjO0ZWexl8Y3NqCL7w6ED9342a0Y5SSsWXX0dpGPaNQ6W/0LahOrqZ19dMYOs7MQrcUAqRI9LA==\"\n    }\n",
            "publisher": "Microsoft.Compute",
            "settings": "{\"fileUris\":[\"https://storagescripts441.blob.core.windows.net/scripts-container/windows_post_deploy_v5.ps1\"]}",
            "tags": {},
            "timeouts": null,
            "type": "CustomScriptExtension",
            "type_handler_version": "1.9",
            "virtual_machine_id": "/subscriptions/9ba3bb49-d69e-4f57-a11f-bf0a022fbd21/resourceGroups/rg01/providers/Microsoft.Compute/virtualMachines/windowsvm121"
          },
          "sensitive_attributes": [],
          "private": "eyJlMmJmYjczMC1lY2FhLTExZTYtOGY4OC0zNDM2M2JjN2M0YzAiOnsiY3JlYXRlIjoxODAwMDAwMDAwMDAwLCJkZWxldGUiOjE4MDAwMDAwMDAwMDAsInJlYWQiOjMwMDAwMDAwMDAwMCwidXBkYXRlIjoxODAwMDAwMDAwMDAwfX0=",
          "dependencies": [
            "azurerm_storage_account.storageaccount",
            "azurerm_storage_blob.scriptsblob",
            "azurerm_storage_container.storagecontainer",
            "azurerm_virtual_machine_data_disk_attachment.diskattach",
            "azurerm_windows_virtual_machine.winndowsvm"
          ]
        }
      ]
    },
    {
      "mode": "managed",
      "type": "azurerm_windows_virtual_machine",
      "name": "winndowsvm",
      "provider": "provider[\"registry.terraform.io/hashicorp/azurerm\"]",
      "instances": [
        {
          "schema_version": 0,
          "attributes": {
            "additional_capabilities": [],
            "additional_unattend_content": [],
            "admin_password": "Testadmin@123",
            "admin_username": "testadmin1",
            "allow_extension_operations": true,
            "availability_set_id": "",
            "boot_diagnostics": [],
            "computer_name": "windowsvm121",
            "custom_data": null,
            "dedicated_host_id": "",
            "enable_automatic_updates": true,
            "encryption_at_host_enabled": false,
            "eviction_policy": "",
            "extensions_time_budget": "PT1H30M",
            "id": "/subscriptions/9ba3bb49-d69e-4f57-a11f-bf0a022fbd21/resourceGroups/rg01/providers/Microsoft.Compute/virtualMachines/windowsvm121",
            "identity": [],
            "license_type": "",
            "location": "eastus",
            "max_bid_price": -1,
            "name": "windowsvm121",
            "network_interface_ids": [
              "/subscriptions/9ba3bb49-d69e-4f57-a11f-bf0a022fbd21/resourceGroups/rg01/providers/Microsoft.Network/networkInterfaces/windowsvm121-nic"
            ],
            "os_disk": [
              {
                "caching": "ReadWrite",
                "diff_disk_settings": [],
                "disk_encryption_set_id": "",
                "disk_size_gb": 127,
                "name": "windowsvm121_OsDisk_1_8303c946454b462babda51eb5c5851f4",
                "storage_account_type": "Standard_LRS",
                "write_accelerator_enabled": false
              }
            ],
            "patch_mode": "AutomaticByOS",
            "plan": [],
            "platform_fault_domain": -1,
            "priority": "Regular",
            "private_ip_address": "10.0.0.4",
            "private_ip_addresses": [
              "10.0.0.4"
            ],
            "provision_vm_agent": true,
            "proximity_placement_group_id": "",
            "public_ip_address": "137.117.80.217",
            "public_ip_addresses": [
              "137.117.80.217"
            ],
            "resource_group_name": "rg01",
            "secret": [],
            "size": "Standard_B1ms",
            "source_image_id": "",
            "source_image_reference": [
              {
                "offer": "WindowsServer",
                "publisher": "MicrosoftWindowsServer",
                "sku": "2019-Datacenter",
                "version": "latest"
              }
            ],
            "tags": {},
            "timeouts": null,
            "timezone": "",
            "virtual_machine_id": "47985e0e-33e8-44b9-b6de-02116db601c6",
            "virtual_machine_scale_set_id": "",
            "winrm_listener": [
              {
                "certificate_url": "",
                "protocol": "Http"
              }
            ],
            "zone": ""
          },
          "sensitive_attributes": [],
          "private": "eyJlMmJmYjczMC1lY2FhLTExZTYtOGY4OC0zNDM2M2JjN2M0YzAiOnsiY3JlYXRlIjoyNzAwMDAwMDAwMDAwLCJkZWxldGUiOjI3MDAwMDAwMDAwMDAsInJlYWQiOjMwMDAwMDAwMDAwMCwidXBkYXRlIjoyNzAwMDAwMDAwMDAwfX0=",
          "dependencies": [
            "module.nic_creation.azurerm_network_interface.networkinterface",
            "module.nic_creation.azurerm_public_ip.publicip",
            "module.rg_create.azurerm_resource_group.practice_rg",
            "module.vnet_subnet_nsg.azurerm_network_security_group.nsg01",
            "module.vnet_subnet_nsg.azurerm_subnet.subnet01",
            "module.vnet_subnet_nsg.azurerm_subnet_network_security_group_association.nsg_associate",
            "module.vnet_subnet_nsg.azurerm_virtual_network.vnet01"
          ]
        }
      ]
    },
    {
      "module": "module.nic_creation",
      "mode": "managed",
      "type": "azurerm_network_interface",
      "name": "networkinterface",
      "provider": "provider[\"registry.terraform.io/hashicorp/azurerm\"]",
      "instances": [
        {
          "schema_version": 0,
          "attributes": {
            "applied_dns_servers": [],
            "dns_servers": [],
            "enable_accelerated_networking": false,
            "enable_ip_forwarding": false,
            "id": "/subscriptions/9ba3bb49-d69e-4f57-a11f-bf0a022fbd21/resourceGroups/rg01/providers/Microsoft.Network/networkInterfaces/windowsvm121-nic",
            "internal_dns_name_label": "",
            "internal_domain_name_suffix": "zvpnpnnmjusefjjhqini3agdjc.bx.internal.cloudapp.net",
            "ip_configuration": [
              {
                "name": "windowsvm121-nic-ipconfig",
                "primary": true,
                "private_ip_address": "10.0.0.4",
                "private_ip_address_allocation": "Dynamic",
                "private_ip_address_version": "IPv4",
                "public_ip_address_id": "/subscriptions/9ba3bb49-d69e-4f57-a11f-bf0a022fbd21/resourceGroups/rg01/providers/Microsoft.Network/publicIPAddresses/windowsvm121-nic-publicip",
                "subnet_id": "/subscriptions/9ba3bb49-d69e-4f57-a11f-bf0a022fbd21/resourceGroups/rg01/providers/Microsoft.Network/virtualNetworks/rg01-vnet01/subnets/rg01-vnet01-subnet01"
              }
            ],
            "location": "eastus",
            "mac_address": "00-0D-3A-14-F4-EA",
            "name": "windowsvm121-nic",
            "private_ip_address": "10.0.0.4",
            "private_ip_addresses": [
              "10.0.0.4"
            ],
            "resource_group_name": "rg01",
            "tags": {},
            "timeouts": null,
            "virtual_machine_id": "/subscriptions/9ba3bb49-d69e-4f57-a11f-bf0a022fbd21/resourceGroups/rg01/providers/Microsoft.Compute/virtualMachines/windowsvm121"
          },
          "sensitive_attributes": [],
          "private": "eyJlMmJmYjczMC1lY2FhLTExZTYtOGY4OC0zNDM2M2JjN2M0YzAiOnsiY3JlYXRlIjoxODAwMDAwMDAwMDAwLCJkZWxldGUiOjE4MDAwMDAwMDAwMDAsInJlYWQiOjMwMDAwMDAwMDAwMCwidXBkYXRlIjoxODAwMDAwMDAwMDAwfX0=",
          "dependencies": [
            "module.nic_creation.azurerm_public_ip.publicip",
            "module.rg_create.azurerm_resource_group.practice_rg",
            "module.vnet_subnet_nsg.azurerm_network_security_group.nsg01",
            "module.vnet_subnet_nsg.azurerm_subnet.subnet01",
            "module.vnet_subnet_nsg.azurerm_subnet_network_security_group_association.nsg_associate",
            "module.vnet_subnet_nsg.azurerm_virtual_network.vnet01"
          ]
        }
      ]
    },
    {
      "module": "module.nic_creation",
      "mode": "managed",
      "type": "azurerm_public_ip",
      "name": "publicip",
      "provider": "provider[\"registry.terraform.io/hashicorp/azurerm\"]",
      "instances": [
        {
          "schema_version": 0,
          "attributes": {
            "allocation_method": "Static",
            "availability_zone": "No-Zone",
            "domain_name_label": null,
            "fqdn": null,
            "id": "/subscriptions/9ba3bb49-d69e-4f57-a11f-bf0a022fbd21/resourceGroups/rg01/providers/Microsoft.Network/publicIPAddresses/windowsvm121-nic-publicip",
            "idle_timeout_in_minutes": 4,
            "ip_address": "137.117.80.217",
            "ip_tags": {},
            "ip_version": "IPv4",
            "location": "eastus",
            "name": "windowsvm121-nic-publicip",
            "public_ip_prefix_id": null,
            "resource_group_name": "rg01",
            "reverse_fqdn": null,
            "sku": "Basic",
            "tags": {},
            "timeouts": null,
            "zones": []
          },
          "sensitive_attributes": [],
          "private": "eyJlMmJmYjczMC1lY2FhLTExZTYtOGY4OC0zNDM2M2JjN2M0YzAiOnsiY3JlYXRlIjoxODAwMDAwMDAwMDAwLCJkZWxldGUiOjE4MDAwMDAwMDAwMDAsInJlYWQiOjMwMDAwMDAwMDAwMCwidXBkYXRlIjoxODAwMDAwMDAwMDAwfX0=",
          "dependencies": [
            "module.rg_create.azurerm_resource_group.practice_rg",
            "module.vnet_subnet_nsg.azurerm_network_security_group.nsg01",
            "module.vnet_subnet_nsg.azurerm_subnet.subnet01",
            "module.vnet_subnet_nsg.azurerm_subnet_network_security_group_association.nsg_associate",
            "module.vnet_subnet_nsg.azurerm_virtual_network.vnet01"
          ]
        }
      ]
    },
    {
      "module": "module.rg_create",
      "mode": "managed",
      "type": "azurerm_resource_group",
      "name": "practice_rg",
      "provider": "provider[\"registry.terraform.io/hashicorp/azurerm\"]",
      "instances": [
        {
          "schema_version": 0,
          "attributes": {
            "id": "/subscriptions/9ba3bb49-d69e-4f57-a11f-bf0a022fbd21/resourceGroups/rg01",
            "location": "eastus",
            "name": "rg01",
            "tags": {},
            "timeouts": null
          },
          "sensitive_attributes": [],
          "private": "eyJlMmJmYjczMC1lY2FhLTExZTYtOGY4OC0zNDM2M2JjN2M0YzAiOnsiY3JlYXRlIjo1NDAwMDAwMDAwMDAwLCJkZWxldGUiOjU0MDAwMDAwMDAwMDAsInJlYWQiOjMwMDAwMDAwMDAwMCwidXBkYXRlIjo1NDAwMDAwMDAwMDAwfX0="
        }
      ]
    },
    {
      "module": "module.vnet_subnet_nsg",
      "mode": "managed",
      "type": "azurerm_network_security_group",
      "name": "nsg01",
      "provider": "provider[\"registry.terraform.io/hashicorp/azurerm\"]",
      "instances": [
        {
          "schema_version": 0,
          "attributes": {
            "id": "/subscriptions/9ba3bb49-d69e-4f57-a11f-bf0a022fbd21/resourceGroups/rg01/providers/Microsoft.Network/networkSecurityGroups/rg01-vnet01-nsg01",
            "location": "eastus",
            "name": "rg01-vnet01-nsg01",
            "resource_group_name": "rg01",
            "security_rule": [
              {
                "access": "Allow",
                "description": "RDP Port",
                "destination_address_prefix": "*",
                "destination_address_prefixes": [],
                "destination_application_security_group_ids": [],
                "destination_port_range": "3389",
                "destination_port_ranges": [],
                "direction": "Inbound",
                "name": "test123",
                "priority": 123,
                "protocol": "Tcp",
                "source_address_prefix": "*",
                "source_address_prefixes": [],
                "source_application_security_group_ids": [],
                "source_port_range": "*",
                "source_port_ranges": []
              },
              {
                "access": "Allow",
                "description": "RDP Port2",
                "destination_address_prefix": "*",
                "destination_address_prefixes": [],
                "destination_application_security_group_ids": [],
                "destination_port_range": "5985",
                "destination_port_ranges": [],
                "direction": "Inbound",
                "name": "test_port",
                "priority": 122,
                "protocol": "Tcp",
                "source_address_prefix": "*",
                "source_address_prefixes": [],
                "source_application_security_group_ids": [],
                "source_port_range": "*",
                "source_port_ranges": []
              }
            ],
            "tags": {},
            "timeouts": null
          },
          "sensitive_attributes": [],
          "private": "eyJlMmJmYjczMC1lY2FhLTExZTYtOGY4OC0zNDM2M2JjN2M0YzAiOnsiY3JlYXRlIjoxODAwMDAwMDAwMDAwLCJkZWxldGUiOjE4MDAwMDAwMDAwMDAsInJlYWQiOjMwMDAwMDAwMDAwMCwidXBkYXRlIjoxODAwMDAwMDAwMDAwfX0=",
          "dependencies": [
            "module.rg_create.azurerm_resource_group.practice_rg",
            "module.vnet_subnet_nsg.azurerm_subnet.subnet01",
            "module.vnet_subnet_nsg.azurerm_virtual_network.vnet01"
          ]
        }
      ]
    },
    {
      "module": "module.vnet_subnet_nsg",
      "mode": "managed",
      "type": "azurerm_subnet",
      "name": "subnet01",
      "provider": "provider[\"registry.terraform.io/hashicorp/azurerm\"]",
      "instances": [
        {
          "schema_version": 0,
          "attributes": {
            "address_prefix": "10.0.0.0/27",
            "address_prefixes": [
              "10.0.0.0/27"
            ],
            "delegation": [],
            "enforce_private_link_endpoint_network_policies": false,
            "enforce_private_link_service_network_policies": false,
            "id": "/subscriptions/9ba3bb49-d69e-4f57-a11f-bf0a022fbd21/resourceGroups/rg01/providers/Microsoft.Network/virtualNetworks/rg01-vnet01/subnets/rg01-vnet01-subnet01",
            "name": "rg01-vnet01-subnet01",
            "resource_group_name": "rg01",
            "service_endpoint_policy_ids": [],
            "service_endpoints": [],
            "timeouts": null,
            "virtual_network_name": "rg01-vnet01"
          },
          "sensitive_attributes": [],
          "private": "eyJlMmJmYjczMC1lY2FhLTExZTYtOGY4OC0zNDM2M2JjN2M0YzAiOnsiY3JlYXRlIjoxODAwMDAwMDAwMDAwLCJkZWxldGUiOjE4MDAwMDAwMDAwMDAsInJlYWQiOjMwMDAwMDAwMDAwMCwidXBkYXRlIjoxODAwMDAwMDAwMDAwfX0=",
          "dependencies": [
            "module.rg_create.azurerm_resource_group.practice_rg",
            "module.vnet_subnet_nsg.azurerm_virtual_network.vnet01"
          ]
        }
      ]
    },
    {
      "module": "module.vnet_subnet_nsg",
      "mode": "managed",
      "type": "azurerm_subnet_network_security_group_association",
      "name": "nsg_associate",
      "provider": "provider[\"registry.terraform.io/hashicorp/azurerm\"]",
      "instances": [
        {
          "schema_version": 0,
          "attributes": {
            "id": "/subscriptions/9ba3bb49-d69e-4f57-a11f-bf0a022fbd21/resourceGroups/rg01/providers/Microsoft.Network/virtualNetworks/rg01-vnet01/subnets/rg01-vnet01-subnet01",
            "network_security_group_id": "/subscriptions/9ba3bb49-d69e-4f57-a11f-bf0a022fbd21/resourceGroups/rg01/providers/Microsoft.Network/networkSecurityGroups/rg01-vnet01-nsg01",
            "subnet_id": "/subscriptions/9ba3bb49-d69e-4f57-a11f-bf0a022fbd21/resourceGroups/rg01/providers/Microsoft.Network/virtualNetworks/rg01-vnet01/subnets/rg01-vnet01-subnet01",
            "timeouts": null
          },
          "sensitive_attributes": [],
          "private": "eyJlMmJmYjczMC1lY2FhLTExZTYtOGY4OC0zNDM2M2JjN2M0YzAiOnsiY3JlYXRlIjoxODAwMDAwMDAwMDAwLCJkZWxldGUiOjE4MDAwMDAwMDAwMDAsInJlYWQiOjMwMDAwMDAwMDAwMCwidXBkYXRlIjoxODAwMDAwMDAwMDAwfX0=",
          "dependencies": [
            "module.rg_create.azurerm_resource_group.practice_rg",
            "module.vnet_subnet_nsg.azurerm_network_security_group.nsg01",
            "module.vnet_subnet_nsg.azurerm_subnet.subnet01",
            "module.vnet_subnet_nsg.azurerm_virtual_network.vnet01"
          ]
        }
      ]
    },
    {
      "module": "module.vnet_subnet_nsg",
      "mode": "managed",
      "type": "azurerm_virtual_network",
      "name": "vnet01",
      "provider": "provider[\"registry.terraform.io/hashicorp/azurerm\"]",
      "instances": [
        {
          "schema_version": 0,
          "attributes": {
            "address_space": [
              "10.0.0.0/24"
            ],
            "bgp_community": "",
            "ddos_protection_plan": [],
            "dns_servers": [],
            "guid": "b5d75ecd-4dac-4224-a527-821a8e80c34a",
            "id": "/subscriptions/9ba3bb49-d69e-4f57-a11f-bf0a022fbd21/resourceGroups/rg01/providers/Microsoft.Network/virtualNetworks/rg01-vnet01",
            "location": "eastus",
            "name": "rg01-vnet01",
            "resource_group_name": "rg01",
            "subnet": [
              {
                "address_prefix": "10.0.0.0/27",
                "id": "/subscriptions/9ba3bb49-d69e-4f57-a11f-bf0a022fbd21/resourceGroups/rg01/providers/Microsoft.Network/virtualNetworks/rg01-vnet01/subnets/rg01-vnet01-subnet01",
                "name": "rg01-vnet01-subnet01",
                "security_group": "/subscriptions/9ba3bb49-d69e-4f57-a11f-bf0a022fbd21/resourceGroups/rg01/providers/Microsoft.Network/networkSecurityGroups/rg01-vnet01-nsg01"
              }
            ],
            "tags": {},
            "timeouts": null,
            "vm_protection_enabled": false
          },
          "sensitive_attributes": [],
          "private": "eyJlMmJmYjczMC1lY2FhLTExZTYtOGY4OC0zNDM2M2JjN2M0YzAiOnsiY3JlYXRlIjoxODAwMDAwMDAwMDAwLCJkZWxldGUiOjE4MDAwMDAwMDAwMDAsInJlYWQiOjMwMDAwMDAwMDAwMCwidXBkYXRlIjoxODAwMDAwMDAwMDAwfX0=",
          "dependencies": [
            "module.rg_create.azurerm_resource_group.practice_rg"
          ]
        }
      ]
    }
  ]
}
